
Microsoft Visual Studio Solution File, Format Version 12.00
# Visual Studio Version 17
VisualStudioVersion = 17.4.33213.308
MinimumVisualStudioVersion = 10.0.40219.1
Project("{FAE04EC0-301F-11D3-BF4B-00C04F79EFBC}") = "CreatingTreeViewSample", "CreatingTreeViewSample.csproj", "{0A84F002-C41D-4219-9127-8F7B5713248C}"
EndProject
Global
	GlobalSection(SolutionConfigurationPlatforms) = preSolution
		Debug|Any CPU = Debug|Any CPU
		Release|Any CPU = Release|Any CPU
	EndGlobalSection
	GlobalSection(ProjectConfigurationPlatforms) = postSolution
		{0A84F002-C41D-4219-9127-8F7B5713248C}.Debug|Any CPU.ActiveCfg = Debug|Any CPU
		{0A84F002-C41D-4219-9127-8F7B5713248C}.Debug|Any CPU.Build.0 = Debug|Any CPU
		{0A84F002-C41D-4219-9127-8F7B5713248C}.Release|Any CPU.ActiveCfg = Release|Any CPU
		{0A84F002-C41D-4219-9127-8F7B5713248C}.Release|Any CPU.Build.0 = Release|Any CPU
	EndGlobalSection
	GlobalSection(SolutionProperties) = preSolution
		HideSolutionNode = FALSE
	EndGlobalSection
	GlobalSection(ExtensibilityGlobals) = postSolution
		SolutionGuid = {701B4970-DBAC-4E6D-9F06-DD4646F8993C}
	EndGlobalSection
EndGlobal
